PODS:
  - another_open_file (1.0.0):
    - Flutter
  - Flutter (1.0.0)

DEPENDENCIES:
  - another_open_file (from `.symlinks/plugins/another_open_file/ios`)
  - Flutter (from `Flutter`)

EXTERNAL SOURCES:
  another_open_file:
    :path: ".symlinks/plugins/another_open_file/ios"
  Flutter:
    :path: Flutter

SPEC CHECKSUMS:
  another_open_file: a9085f70096ef2920cf2659c3d2f7bf095fe805d
  Flutter: e0871f40cf51350855a761d2e70bf5af5b9b5de7

PODFILE CHECKSUM: aafb0ab57039ee4d9cef467ae2acdf148941370d

COCOAPODS: 1.16.2
